
Microsoft Visual Studio Solution File, Format Version 12.00
# Visual Studio Version 17
VisualStudioVersion = 17.8.34525.116
MinimumVisualStudioVersion = 10.0.40219.1
Project("{9A19103F-16F7-4668-BE54-9A1E7A4F7556}") = "GenericSiteCrawlerLibrary", "GenericSiteCrawlerLibrary\GenericSiteCrawlerLibrary.csproj", "{53FDE8B3-9D71-4D54-898C-882E9C32D933}"
EndProject
Project("{9A19103F-16F7-4668-BE54-9A1E7A4F7556}") = "GenericSiteCrawlerApp", "GenericSiteCrawlerApp\GenericSiteCrawlerApp.csproj", "{DD002936-96EC-4811-A30C-867A3C3072CC}"
EndProject
Project("{FAE04EC0-301F-11D3-BF4B-00C04F79EFBC}") = "GenericSiteCrawlerGUI", "GenericSiteCrawlerGUI\GenericSiteCrawlerGUI.csproj", "{549E6EDD-E315-4883-AE0D-1352AF66E704}"
EndProject
Global
	GlobalSection(SolutionConfigurationPlatforms) = preSolution
		Debug|Any CPU = Debug|Any CPU
		Release|Any CPU = Release|Any CPU
	EndGlobalSection
	GlobalSection(ProjectConfigurationPlatforms) = postSolution
		{53FDE8B3-9D71-4D54-898C-882E9C32D933}.Debug|Any CPU.ActiveCfg = Debug|Any CPU
		{53FDE8B3-9D71-4D54-898C-882E9C32D933}.Debug|Any CPU.Build.0 = Debug|Any CPU
		{53FDE8B3-9D71-4D54-898C-882E9C32D933}.Release|Any CPU.ActiveCfg = Release|Any CPU
		{53FDE8B3-9D71-4D54-898C-882E9C32D933}.Release|Any CPU.Build.0 = Release|Any CPU
		{DD002936-96EC-4811-A30C-867A3C3072CC}.Debug|Any CPU.ActiveCfg = Debug|Any CPU
		{DD002936-96EC-4811-A30C-867A3C3072CC}.Debug|Any CPU.Build.0 = Debug|Any CPU
		{DD002936-96EC-4811-A30C-867A3C3072CC}.Release|Any CPU.ActiveCfg = Release|Any CPU
		{DD002936-96EC-4811-A30C-867A3C3072CC}.Release|Any CPU.Build.0 = Release|Any CPU
		{549E6EDD-E315-4883-AE0D-1352AF66E704}.Debug|Any CPU.ActiveCfg = Debug|Any CPU
		{549E6EDD-E315-4883-AE0D-1352AF66E704}.Debug|Any CPU.Build.0 = Debug|Any CPU
		{549E6EDD-E315-4883-AE0D-1352AF66E704}.Release|Any CPU.ActiveCfg = Release|Any CPU
		{549E6EDD-E315-4883-AE0D-1352AF66E704}.Release|Any CPU.Build.0 = Release|Any CPU
	EndGlobalSection
	GlobalSection(SolutionProperties) = preSolution
		HideSolutionNode = FALSE
	EndGlobalSection
	GlobalSection(ExtensibilityGlobals) = postSolution
		SolutionGuid = {DBE034A1-4423-4713-B001-E93287AE244C}
	EndGlobalSection
EndGlobal
